
Microsoft Visual Studio Solution File, Format Version 12.00
# Visual Studio 15
VisualStudioVersion = 15.0.27130.2027
MinimumVisualStudioVersion = 10.0.40219.1
Project("{8BC9CEB8-8B4A-11D0-8D11-00A0C91BC942}") = "RationalNumbers", "RationalNumbers\RationalNumbers.vcxproj", "{A7BFC6D7-8EA1-4BA8-8C7A-E0489F4A7562}"
EndProject
Project("{8BC9CEB8-8B4A-11D0-8D11-00A0C91BC942}") = "RationalTest", "RationalTest\RationalTest.vcxproj", "{C5F4C27E-E50A-4AA8-880C-D4ACFA5AD289}"
EndProject
Global
	GlobalSection(SolutionConfigurationPlatforms) = preSolution
		Debug|x64 = Debug|x64
		Debug|x86 = Debug|x86
		Release|x64 = Release|x64
		Release|x86 = Release|x86
	EndGlobalSection
	GlobalSection(ProjectConfigurationPlatforms) = postSolution
		{A7BFC6D7-8EA1-4BA8-8C7A-E0489F4A7562}.Debug|x64.ActiveCfg = Debug|x64
		{A7BFC6D7-8EA1-4BA8-8C7A-E0489F4A7562}.Debug|x64.Build.0 = Debug|x64
		{A7BFC6D7-8EA1-4BA8-8C7A-E0489F4A7562}.Debug|x86.ActiveCfg = Debug|Win32
		{A7BFC6D7-8EA1-4BA8-8C7A-E0489F4A7562}.Debug|x86.Build.0 = Debug|Win32
		{A7BFC6D7-8EA1-4BA8-8C7A-E0489F4A7562}.Release|x64.ActiveCfg = Release|x64
		{A7BFC6D7-8EA1-4BA8-8C7A-E0489F4A7562}.Release|x64.Build.0 = Release|x64
		{A7BFC6D7-8EA1-4BA8-8C7A-E0489F4A7562}.Release|x86.ActiveCfg = Release|Win32
		{A7BFC6D7-8EA1-4BA8-8C7A-E0489F4A7562}.Release|x86.Build.0 = Release|Win32
		{C5F4C27E-E50A-4AA8-880C-D4ACFA5AD289}.Debug|x64.ActiveCfg = Debug|x64
		{C5F4C27E-E50A-4AA8-880C-D4ACFA5AD289}.Debug|x64.Build.0 = Debug|x64
		{C5F4C27E-E50A-4AA8-880C-D4ACFA5AD289}.Debug|x86.ActiveCfg = Debug|Win32
		{C5F4C27E-E50A-4AA8-880C-D4ACFA5AD289}.Debug|x86.Build.0 = Debug|Win32
		{C5F4C27E-E50A-4AA8-880C-D4ACFA5AD289}.Release|x64.ActiveCfg = Release|x64
		{C5F4C27E-E50A-4AA8-880C-D4ACFA5AD289}.Release|x64.Build.0 = Release|x64
		{C5F4C27E-E50A-4AA8-880C-D4ACFA5AD289}.Release|x86.ActiveCfg = Release|Win32
		{C5F4C27E-E50A-4AA8-880C-D4ACFA5AD289}.Release|x86.Build.0 = Release|Win32
	EndGlobalSection
	GlobalSection(SolutionProperties) = preSolution
		HideSolutionNode = FALSE
	EndGlobalSection
	GlobalSection(ExtensibilityGlobals) = postSolution
		SolutionGuid = {F442508B-B94C-4770-A3BF-CD1213B3E042}
	EndGlobalSection
EndGlobal
